// !$*UTF8*$!
{
	archiveVersion = 1;
	classes = {
	};
	objectVersion = 56;
	objects = {

/* Begin PBXBuildFile section */
		71E2B0A82A1670B2008A0A26 /* libfib in Frameworks */ = {isa = PBXBuildFile; productRef = 71E2B0A72A1670B2008A0A26 /* libfib */; };
		C1BD5BEF2A13D81F00C81CA9 /* SwiftPackageResolutionIssueAppApp.swift in Sources */ = {isa = PBXBuildFile; fileRef = C1BD5BEE2A13D81F00C81CA9 /* SwiftPackageResolutionIssueAppApp.swift */; };
		C1BD5BF12A13D81F00C81CA9 /* ContentView.swift in Sources */ = {isa = PBXBuildFile; fileRef = C1BD5BF02A13D81F00C81CA9 /* ContentView.swift */; };
		C1BD5BF32A13D82000C81CA9 /* Assets.xcassets in Resources */ = {isa = PBXBuildFile; fileRef = C1BD5BF22A13D82000C81CA9 /* Assets.xcassets */; };
		C1BD5BF62A13D82000C81CA9 /* Preview Assets.xcassets in Resources */ = {isa = PBXBuildFile; fileRef = C1BD5BF52A13D82000C81CA9 /* Preview Assets.xcassets */; };
/* End PBXBuildFile section */

/* Begin PBXFileReference section */
		C1BD5BEB2A13D81F00C81CA9 /* SwiftPackageResolutionIssueApp.app */ = {isa = PBXFileReference; explicitFileType = wrapper.application; includeInIndex = 0; path = SwiftPackageResolutionIssueApp.app; sourceTree = BUILT_PRODUCTS_DIR; };
		C1BD5BEE2A13D81F00C81CA9 /* SwiftPackageResolutionIssueAppApp.swift */ = {isa = PBXFileReference; lastKnownFileType = sourcecode.swift; path = SwiftPackageResolutionIssueAppApp.swift; sourceTree = "<group>"; };
		C1BD5BF02A13D81F00C81CA9 /* ContentView.swift */ = {isa = PBXFileReference; lastKnownFileType = sourcecode.swift; path = ContentView.swift; sourceTree = "<group>"; };
		C1BD5BF22A13D82000C81CA9 /* Assets.xcassets */ = {isa = PBXFileReference; lastKnownFileType = folder.assetcatalog; path = Assets.xcassets; sourceTree = "<group>"; };
		C1BD5BF52A13D82000C81CA9 /* Preview Assets.xcassets */ = {isa = PBXFileReference; lastKnownFileType = folder.assetcatalog; path = "Preview Assets.xcassets"; sourceTree = "<group>"; };
/* End PBXFileReference section */

/* Begin PBXFrameworksBuildPhase section */
		C1BD5BE82A13D81F00C81CA9 /* Frameworks */ = {
			isa = PBXFrameworksBuildPhase;
			buildActionMask = 2147483647;
			files = (
				71E2B0A82A1670B2008A0A26 /* libfib in Frameworks */,
			);
			runOnlyForDeploymentPostprocessing = 0;
		};
/* End PBXFrameworksBuildPhase section */

/* Begin PBXGroup section */
		C1BD5BE22A13D81F00C81CA9 = {
			isa = PBXGroup;
			children = (
				C1BD5BED2A13D81F00C81CA9 /* SwiftPackageResolutionIssueApp */,
				C1BD5BEC2A13D81F00C81CA9 /* Products */,
			);
			sourceTree = "<group>";
		};
		C1BD5BEC2A13D81F00C81CA9 /* Products */ = {
			isa = PBXGroup;
			children = (
				C1BD5BEB2A13D81F00C81CA9 /* SwiftPackageResolutionIssueApp.app */,
			);
			name = Products;
			sourceTree = "<group>";
		};
		C1BD5BED2A13D81F00C81CA9 /* SwiftPackageResolutionIssueApp */ = {
			isa = PBXGroup;
			children = (
				C1BD5BEE2A13D81F00C81CA9 /* SwiftPackageResolutionIssueAppApp.swift */,
				C1BD5BF02A13D81F00C81CA9 /* ContentView.swift */,
				C1BD5BF22A13D82000C81CA9 /* Assets.xcassets */,
				C1BD5BF42A13D82000C81CA9 /* Preview Content */,
			);
			path = SwiftPackageResolutionIssueApp;
			sourceTree = "<group>";
		};
		C1BD5BF42A13D82000C81CA9 /* Preview Content */ = {
			isa = PBXGroup;
			children = (
				C1BD5BF52A13D82000C81CA9 /* Preview Assets.xcassets */,
			);
			path = "Preview Content";
			sourceTree = "<group>";
		};
/* End PBXGroup section */

/* Begin PBXNativeTarget section */
		C1BD5BEA2A13D81F00C81CA9 /* SwiftPackageResolutionIssueApp */ = {
			isa = PBXNativeTarget;
			buildConfigurationList = C1BD5BF92A13D82000C81CA9 /* Build configuration list for PBXNativeTarget "SwiftPackageResolutionIssueApp" */;
			buildPhases = (
				C1BD5BE72A13D81F00C81CA9 /* Sources */,
				C1BD5BE82A13D81F00C81CA9 /* Frameworks */,
				C1BD5BE92A13D81F00C81CA9 /* Resources */,
			);
			buildRules = (
			);
			dependencies = (
			);
			name = SwiftPackageResolutionIssueApp;
			packageProductDependencies = (
				71E2B0A72A1670B2008A0A26 /* libfib */,
			);
			productName = SwiftPackageResolutionIssueApp;
			productReference = C1BD5BEB2A13D81F00C81CA9 /* SwiftPackageResolutionIssueApp.app */;
			productType = "com.apple.product-type.application";
		};
/* End PBXNativeTarget section */

/* Begin PBXProject section */
		C1BD5BE32A13D81F00C81CA9 /* Project object */ = {
			isa = PBXProject;
			attributes = {
				BuildIndependentTargetsInParallel = 1;
				LastSwiftUpdateCheck = 1430;
				LastUpgradeCheck = 1430;
				TargetAttributes = {
					C1BD5BEA2A13D81F00C81CA9 = {
						CreatedOnToolsVersion = 14.3;
					};
				};
			};
			buildConfigurationList = C1BD5BE62A13D81F00C81CA9 /* Build configuration list for PBXProject "SwiftPackageResolutionIssueApp" */;
			compatibilityVersion = "Xcode 14.0";
			developmentRegion = en;
			hasScannedForEncodings = 0;
			knownRegions = (
				en,
				Base,
			);
			mainGroup = C1BD5BE22A13D81F00C81CA9;
			packageReferences = (
				71E2B0A62A1670B2008A0A26 /* XCRemoteSwiftPackageReference "libfib" */,
			);
			productRefGroup = C1BD5BEC2A13D81F00C81CA9 /* Products */;
			projectDirPath = "";
			projectRoot = "";
			targets = (
				C1BD5BEA2A13D81F00C81CA9 /* SwiftPackageResolutionIssueApp */,
			);
		};
/* End PBXProject section */

/* Begin PBXResourcesBuildPhase section */
		C1BD5BE92A13D81F00C81CA9 /* Resources */ = {
			isa = PBXResourcesBuildPhase;
			buildActionMask = 2147483647;
			files = (
				C1BD5BF62A13D82000C81CA9 /* Preview Assets.xcassets in Resources */,
				C1BD5BF32A13D82000C81CA9 /* Assets.xcassets in Resources */,
			);
			runOnlyForDeploymentPostprocessing = 0;
		};
/* End PBXResourcesBuildPhase section */

/* Begin PBXSourcesBuildPhase section */
		C1BD5BE72A13D81F00C81CA9 /* Sources */ = {
			isa = PBXSourcesBuildPhase;
			buildActionMask = 2147483647;
			files = (
				C1BD5BF12A13D81F00C81CA9 /* ContentView.swift in Sources */,
				C1BD5BEF2A13D81F00C81CA9 /* SwiftPackageResolutionIssueAppApp.swift in Sources */,
			);
			runOnlyForDeploymentPostprocessing = 0;
		};
/* End PBXSourcesBuildPhase section */

/* Begin XCBuildConfiguration section */
		C1BD5BF72A13D82000C81CA9 /* Debug */ = {
			isa = XCBuildConfiguration;
			buildSettings = {
				ALWAYS_SEARCH_USER_PATHS = NO;
				CLANG_ANALYZER_NONNULL = YES;
				CLANG_ANALYZER_NUMBER_OBJECT_CONVERSION = YES_AGGRESSIVE;
				CLANG_CXX_LANGUAGE_STANDARD = "gnu++20";
				CLANG_ENABLE_MODULES = YES;
				CLANG_ENABLE_OBJC_ARC = YES;
				CLANG_ENABLE_OBJC_WEAK = YES;
				CLANG_WARN_BLOCK_CAPTURE_AUTORELEASING = YES;
				CLANG_WARN_BOOL_CONVERSION = YES;
				CLANG_WARN_COMMA = YES;
				CLANG_WARN_CONSTANT_CONVERSION = YES;
				CLANG_WARN_DEPRECATED_OBJC_IMPLEMENTATIONS = YES;
				CLANG_WARN_DIRECT_OBJC_ISA_USAGE = YES_ERROR;
				CLANG_WARN_DOCUMENTATION_COMMENTS = YES;
				CLANG_WARN_EMPTY_BODY = YES;
				CLANG_WARN_ENUM_CONVERSION = YES;
				CLANG_WARN_INFINITE_RECURSION = YES;
				CLANG_WARN_INT_CONVERSION = YES;
				CLANG_WARN_NON_LITERAL_NULL_CONVERSION = YES;
				CLANG_WARN_OBJC_IMPLICIT_RETAIN_SELF = YES;
				CLANG_WARN_OBJC_LITERAL_CONVERSION = YES;
				CLANG_WARN_OBJC_ROOT_CLASS = YES_ERROR;
				CLANG_WARN_QUOTED_INCLUDE_IN_FRAMEWORK_HEADER = YES;
				CLANG_WARN_RANGE_LOOP_ANALYSIS = YES;
				CLANG_WARN_STRICT_PROTOTYPES = YES;
				CLANG_WARN_SUSPICIOUS_MOVE = YES;
				CLANG_WARN_UNGUARDED_AVAILABILITY = YES_AGGRESSIVE;
				CLANG_WARN_UNREACHABLE_CODE = YES;
				CLANG_WARN__DUPLICATE_METHOD_MATCH = YES;
				COPY_PHASE_STRIP = NO;
				DEBUG_INFORMATION_FORMAT = dwarf;
				ENABLE_STRICT_OBJC_MSGSEND = YES;
				ENABLE_TESTABILITY = YES;
				GCC_C_LANGUAGE_STANDARD = gnu11;
				GCC_DYNAMIC_NO_PIC = NO;
				GCC_NO_COMMON_BLOCKS = YES;
				GCC_OPTIMIZATION_LEVEL = 0;
				GCC_PREPROCESSOR_DEFINITIONS = (
					"DEBUG=1",
					"$(inherited)",
				);
				GCC_WARN_64_TO_32_BIT_CONVERSION = YES;
				GCC_WARN_ABOUT_RETURN_TYPE = YES_ERROR;
				GCC_WARN_UNDECLARED_SELECTOR = YES;
				GCC_WARN_UNINITIALIZED_AUTOS = YES_AGGRESSIVE;
				GCC_WARN_UNUSED_FUNCTION = YES;
				GCC_WARN_UNUSED_VARIABLE = YES;
				IPHONEOS_DEPLOYMENT_TARGET = 16.4;
				MTL_ENABLE_DEBUG_INFO = INCLUDE_SOURCE;
				MTL_FAST_MATH = YES;
				ONLY_ACTIVE_ARCH = YES;
				SDKROOT = iphoneos;
				SWIFT_ACTIVE_COMPILATION_CONDITIONS = DEBUG;
				SWIFT_OPTIMIZATION_LEVEL = "-Onone";
			};
			name = Debug;
		};
		C1BD5BF82A13D82000C81CA9 /* Release */ = {
			isa = XCBuildConfiguration;
			buildSettings = {
				ALWAYS_SEARCH_USER_PATHS = NO;
				CLANG_ANALYZER_NONNULL = YES;
				CLANG_ANALYZER_NUMBER_OBJECT_CONVERSION = YES_AGGRESSIVE;
				CLANG_CXX_LANGUAGE_STANDARD = "gnu++20";
				CLANG_ENABLE_MODULES = YES;
				CLANG_ENABLE_OBJC_ARC = YES;
				CLANG_ENABLE_OBJC_WEAK = YES;
				CLANG_WARN_BLOCK_CAPTURE_AUTORELEASING = YES;
				CLANG_WARN_BOOL_CONVERSION = YES;
				CLANG_WARN_COMMA = YES;
				CLANG_WARN_CONSTANT_CONVERSION = YES;
				CLANG_WARN_DEPRECATED_OBJC_IMPLEMENTATIONS = YES;
				CLANG_WARN_DIRECT_OBJC_ISA_USAGE = YES_ERROR;
				CLANG_WARN_DOCUMENTATION_COMMENTS = YES;
				CLANG_WARN_EMPTY_BODY = YES;
				CLANG_WARN_ENUM_CONVERSION = YES;
				CLANG_WARN_INFINITE_RECURSION = YES;
				CLANG_WARN_INT_CONVERSION = YES;
				CLANG_WARN_NON_LITERAL_NULL_CONVERSION = YES;
				CLANG_WARN_OBJC_IMPLICIT_RETAIN_SELF = YES;
				CLANG_WARN_OBJC_LITERAL_CONVERSION = YES;
				CLANG_WARN_OBJC_ROOT_CLASS = YES_ERROR;
				CLANG_WARN_QUOTED_INCLUDE_IN_FRAMEWORK_HEADER = YES;
				CLANG_WARN_RANGE_LOOP_ANALYSIS = YES;
				CLANG_WARN_STRICT_PROTOTYPES = YES;
				CLANG_WARN_SUSPICIOUS_MOVE = YES;
				CLANG_WARN_UNGUARDED_AVAILABILITY = YES_AGGRESSIVE;
				CLANG_WARN_UNREACHABLE_CODE = YES;
				CLANG_WARN__DUPLICATE_METHOD_MATCH = YES;
				COPY_PHASE_STRIP = NO;
				DEBUG_INFORMATION_FORMAT = "dwarf-with-dsym";
				ENABLE_NS_ASSERTIONS = NO;
				ENABLE_STRICT_OBJC_MSGSEND = YES;
				GCC_C_LANGUAGE_STANDARD = gnu11;
				GCC_NO_COMMON_BLOCKS = YES;
				GCC_WARN_64_TO_32_BIT_CONVERSION = YES;
				GCC_WARN_ABOUT_RETURN_TYPE = YES_ERROR;
				GCC_WARN_UNDECLARED_SELECTOR = YES;
				GCC_WARN_UNINITIALIZED_AUTOS = YES_AGGRESSIVE;
				GCC_WARN_UNUSED_FUNCTION = YES;
				GCC_WARN_UNUSED_VARIABLE = YES;
				IPHONEOS_DEPLOYMENT_TARGET = 16.4;
				MTL_ENABLE_DEBUG_INFO = NO;
				MTL_FAST_MATH = YES;
				SDKROOT = iphoneos;
				SWIFT_COMPILATION_MODE = wholemodule;
				SWIFT_OPTIMIZATION_LEVEL = "-O";
				VALIDATE_PRODUCT = YES;
			};
			name = Release;
		};
		C1BD5BFA2A13D82000C81CA9 /* Debug */ = {
			isa = XCBuildConfiguration;
			buildSettings = {
				ASSETCATALOG_COMPILER_APPICON_NAME = AppIcon;
				ASSETCATALOG_COMPILER_GLOBAL_ACCENT_COLOR_NAME = AccentColor;
				CODE_SIGN_STYLE = Automatic;
				CURRENT_PROJECT_VERSION = 1;
				DEVELOPMENT_ASSET_PATHS = "\"SwiftPackageResolutionIssueApp/Preview Content\"";
				DEVELOPMENT_TEAM = 78CHR3B3XA;
				ENABLE_PREVIEWS = YES;
				GENERATE_INFOPLIST_FILE = YES;
				INFOPLIST_KEY_UIApplicationSceneManifest_Generation = YES;
				INFOPLIST_KEY_UIApplicationSupportsIndirectInputEvents = YES;
				INFOPLIST_KEY_UILaunchScreen_Generation = YES;
				INFOPLIST_KEY_UISupportedInterfaceOrientations_iPad = "UIInterfaceOrientationPortrait UIInterfaceOrientationPortraitUpsideDown UIInterfaceOrientationLandscapeLeft UIInterfaceOrientationLandscapeRight";
				INFOPLIST_KEY_UISupportedInterfaceOrientations_iPhone = "UIInterfaceOrientationPortrait UIInterfaceOrientationLandscapeLeft UIInterfaceOrientationLandscapeRight";
				LD_RUNPATH_SEARCH_PATHS = (
					"$(inherited)",
					"@executable_path/Frameworks",
				);
				MARKETING_VERSION = 1.0;
				PRODUCT_BUNDLE_IDENTIFIER = space.toddthomas.SwiftPackageResolutionIssueApp;
				PRODUCT_NAME = "$(TARGET_NAME)";
				SWIFT_EMIT_LOC_STRINGS = YES;
				SWIFT_VERSION = 5.0;
				TARGETED_DEVICE_FAMILY = "1,2";
			};
			name = Debug;
		};
		C1BD5BFB2A13D82000C81CA9 /* Release */ = {
			isa = XCBuildConfiguration;
			buildSettings = {
				ASSETCATALOG_COMPILER_APPICON_NAME = AppIcon;
				ASSETCATALOG_COMPILER_GLOBAL_ACCENT_COLOR_NAME = AccentColor;
				CODE_SIGN_STYLE = Automatic;
				CURRENT_PROJECT_VERSION = 1;
				DEVELOPMENT_ASSET_PATHS = "\"SwiftPackageResolutionIssueApp/Preview Content\"";
				DEVELOPMENT_TEAM = 78CHR3B3XA;
				ENABLE_PREVIEWS = YES;
				GENERATE_INFOPLIST_FILE = YES;
				INFOPLIST_KEY_UIApplicationSceneManifest_Generation = YES;
				INFOPLIST_KEY_UIApplicationSupportsIndirectInputEvents = YES;
				INFOPLIST_KEY_UILaunchScreen_Generation = YES;
				INFOPLIST_KEY_UISupportedInterfaceOrientations_iPad = "UIInterfaceOrientationPortrait UIInterfaceOrientationPortraitUpsideDown UIInterfaceOrientationLandscapeLeft UIInterfaceOrientationLandscapeRight";
				INFOPLIST_KEY_UISupportedInterfaceOrientations_iPhone = "UIInterfaceOrientationPortrait UIInterfaceOrientationLandscapeLeft UIInterfaceOrientationLandscapeRight";
				LD_RUNPATH_SEARCH_PATHS = (
					"$(inherited)",
					"@executable_path/Frameworks",
				);
				MARKETING_VERSION = 1.0;
				PRODUCT_BUNDLE_IDENTIFIER = space.toddthomas.SwiftPackageResolutionIssueApp;
				PRODUCT_NAME = "$(TARGET_NAME)";
				SWIFT_EMIT_LOC_STRINGS = YES;
				SWIFT_VERSION = 5.0;
				TARGETED_DEVICE_FAMILY = "1,2";
			};
			name = Release;
		};
/* End XCBuildConfiguration section */

/* Begin XCConfigurationList section */
		C1BD5BE62A13D81F00C81CA9 /* Build configuration list for PBXProject "SwiftPackageResolutionIssueApp" */ = {
			isa = XCConfigurationList;
			buildConfigurations = (
				C1BD5BF72A13D82000C81CA9 /* Debug */,
				C1BD5BF82A13D82000C81CA9 /* Release */,
			);
			defaultConfigurationIsVisible = 0;
			defaultConfigurationName = Release;
		};
		C1BD5BF92A13D82000C81CA9 /* Build configuration list for PBXNativeTarget "SwiftPackageResolutionIssueApp" */ = {
			isa = XCConfigurationList;
			buildConfigurations = (
				C1BD5BFA2A13D82000C81CA9 /* Debug */,
				C1BD5BFB2A13D82000C81CA9 /* Release */,
			);
			defaultConfigurationIsVisible = 0;
			defaultConfigurationName = Release;
		};
/* End XCConfigurationList section */

/* Begin XCRemoteSwiftPackageReference section */
		71E2B0A62A1670B2008A0A26 /* XCRemoteSwiftPackageReference "libfib" */ = {
			isa = XCRemoteSwiftPackageReference;
			repositoryURL = "https://github.com/toddthomas/libfib.git";
			requirement = {
				kind = upToNextMajorVersion;
				minimumVersion = 2.0.0;
			};
		};
/* End XCRemoteSwiftPackageReference section */

/* Begin XCSwiftPackageProductDependency section */
		71E2B0A72A1670B2008A0A26 /* libfib */ = {
			isa = XCSwiftPackageProductDependency;
			package = 71E2B0A62A1670B2008A0A26 /* XCRemoteSwiftPackageReference "libfib" */;
			productName = libfib;
		};
/* End XCSwiftPackageProductDependency section */
	};
	rootObject = C1BD5BE32A13D81F00C81CA9 /* Project object */;
}
